PODS:
  - Sentry (8.23.0):
    - Sentry/Core (= 8.23.0)
  - Sentry/Core (8.23.0)

DEPENDENCIES:
  - Sentry (= 8.23.0)

SPEC REPOS:
  trunk:
    - Sentry

SPEC CHECKSUMS:
  Sentry: 1b0c990ea2a722f4ab91a5e1487ff64751ab94d1

PODFILE CHECKSUM: 287d178d0c1ab2c197804ae62464c91a759fe36b

COCOAPODS: 1.15.2
